<?xml version="1.0" encoding="utf-8"?>
<Project ToolsVersion="4.0" xmlns="http://schemas.microsoft.com/developer/msbuild/2003">
  <ItemGroup>
    <Filter Include="源文件">
      <UniqueIdentifier>{4FC737F1-C7A5-4376-A066-2A32D752A2FF}</UniqueIdentifier>
      <Extensions>cpp;c;cc;cxx;c++;cppm;ixx;def;odl;idl;hpj;bat;asm;asmx</Extensions>
    </Filter>
    <Filter Include="头文件">
      <UniqueIdentifier>{93995380-89BD-4b04-88EB-625FBE52EBFB}</UniqueIdentifier>
      <Extensions>h;hh;hpp;hxx;h++;hm;inl;inc;ipp;xsd</Extensions>
    </Filter>
    <Filter Include="资源文件">
      <UniqueIdentifier>{67DA6AB6-F800-4c08-8B7A-83BB121AAD01}</UniqueIdentifier>
      <Extensions>rc;ico;cur;bmp;dlg;rc2;rct;bin;rgs;gif;jpg;jpeg;jpe;resx;tiff;tif;png;wav;mfcribbon-ms</Extensions>
    </Filter>
    <Filter Include="头文件\core">
      <UniqueIdentifier>{ffcff948-8e23-459d-ad91-9b9dc1e925ed}</UniqueIdentifier>
    </Filter>
    <Filter Include="头文件\base">
      <UniqueIdentifier>{7808762c-8884-4b81-96a9-799fd43b1cab}</UniqueIdentifier>
    </Filter>
    <Filter Include="头文件\engine">
      <UniqueIdentifier>{60c0b707-4592-40ef-ae29-5b59753da25f}</UniqueIdentifier>
    </Filter>
    <Filter Include="头文件\core\protocol">
      <UniqueIdentifier>{a794ca78-e8b8-476b-a93d-12f75ea6ecd0}</UniqueIdentifier>
    </Filter>
    <Filter Include="头文件\templates">
      <UniqueIdentifier>{324df591-7b31-46e5-8866-2203c4370d71}</UniqueIdentifier>
    </Filter>
    <Filter Include="头文件\templates\empty">
      <UniqueIdentifier>{884ed229-6a62-439c-8922-e4eb4fbb109b}</UniqueIdentifier>
    </Filter>
    <Filter Include="头文件\templates\std_mp">
      <UniqueIdentifier>{f8a27b45-6244-4330-80f8-f179edbf6a22}</UniqueIdentifier>
    </Filter>
    <Filter Include="头文件\templates\std_pc">
      <UniqueIdentifier>{b6d94395-2bca-49c2-b23f-1302532ecabf}</UniqueIdentifier>
    </Filter>
    <Filter Include="头文件\engine\HDVDBPS">
      <UniqueIdentifier>{546776ef-df15-4dac-9a57-84cb0fd2f8a3}</UniqueIdentifier>
    </Filter>
    <Filter Include="头文件\engine\GGSCCS">
      <UniqueIdentifier>{f30f155f-7d55-4c8e-a8a0-a71f6012a92c}</UniqueIdentifier>
    </Filter>
    <Filter Include="头文件\engine\TIGAS">
      <UniqueIdentifier>{3442cd05-a35a-4add-a102-b6cced2cc81f}</UniqueIdentifier>
    </Filter>
    <Filter Include="头文件\core\lua">
      <UniqueIdentifier>{c33805b6-e5d7-42bf-9aa1-d2b0a7333788}</UniqueIdentifier>
    </Filter>
    <Filter Include="头文件\core\lua\source">
      <UniqueIdentifier>{620c8fb6-7df9-4865-893d-2a79ca11460d}</UniqueIdentifier>
    </Filter>
  </ItemGroup>
  <ItemGroup>
    <ClCompile Include="test\main.cpp">
      <Filter>源文件</Filter>
    </ClCompile>
    <ClCompile Include="mad_source\mad_include\core\lua\lua_source\lapi.c">
      <Filter>头文件\core\lua\source</Filter>
    </ClCompile>
    <ClCompile Include="mad_source\mad_include\core\lua\lua_source\lauxlib.c">
      <Filter>头文件\core\lua\source</Filter>
    </ClCompile>
    <ClCompile Include="mad_source\mad_include\core\lua\lua_source\lbaselib.c">
      <Filter>头文件\core\lua\source</Filter>
    </ClCompile>
    <ClCompile Include="mad_source\mad_include\core\lua\lua_source\lcode.c">
      <Filter>头文件\core\lua\source</Filter>
    </ClCompile>
    <ClCompile Include="mad_source\mad_include\core\lua\lua_source\lcorolib.c">
      <Filter>头文件\core\lua\source</Filter>
    </ClCompile>
    <ClCompile Include="mad_source\mad_include\core\lua\lua_source\lctype.c">
      <Filter>头文件\core\lua\source</Filter>
    </ClCompile>
    <ClCompile Include="mad_source\mad_include\core\lua\lua_source\ldblib.c">
      <Filter>头文件\core\lua\source</Filter>
    </ClCompile>
    <ClCompile Include="mad_source\mad_include\core\lua\lua_source\ldebug.c">
      <Filter>头文件\core\lua\source</Filter>
    </ClCompile>
    <ClCompile Include="mad_source\mad_include\core\lua\lua_source\ldo.c">
      <Filter>头文件\core\lua\source</Filter>
    </ClCompile>
    <ClCompile Include="mad_source\mad_include\core\lua\lua_source\ldump.c">
      <Filter>头文件\core\lua\source</Filter>
    </ClCompile>
    <ClCompile Include="mad_source\mad_include\core\lua\lua_source\lfunc.c">
      <Filter>头文件\core\lua\source</Filter>
    </ClCompile>
    <ClCompile Include="mad_source\mad_include\core\lua\lua_source\lgc.c">
      <Filter>头文件\core\lua\source</Filter>
    </ClCompile>
    <ClCompile Include="mad_source\mad_include\core\lua\lua_source\linit.c">
      <Filter>头文件\core\lua\source</Filter>
    </ClCompile>
    <ClCompile Include="mad_source\mad_include\core\lua\lua_source\liolib.c">
      <Filter>头文件\core\lua\source</Filter>
    </ClCompile>
    <ClCompile Include="mad_source\mad_include\core\lua\lua_source\llex.c">
      <Filter>头文件\core\lua\source</Filter>
    </ClCompile>
    <ClCompile Include="mad_source\mad_include\core\lua\lua_source\lmathlib.c">
      <Filter>头文件\core\lua\source</Filter>
    </ClCompile>
    <ClCompile Include="mad_source\mad_include\core\lua\lua_source\lmem.c">
      <Filter>头文件\core\lua\source</Filter>
    </ClCompile>
    <ClCompile Include="mad_source\mad_include\core\lua\lua_source\loadlib.c">
      <Filter>头文件\core\lua\source</Filter>
    </ClCompile>
    <ClCompile Include="mad_source\mad_include\core\lua\lua_source\lobject.c">
      <Filter>头文件\core\lua\source</Filter>
    </ClCompile>
    <ClCompile Include="mad_source\mad_include\core\lua\lua_source\lopcodes.c">
      <Filter>头文件\core\lua\source</Filter>
    </ClCompile>
    <ClCompile Include="mad_source\mad_include\core\lua\lua_source\loslib.c">
      <Filter>头文件\core\lua\source</Filter>
    </ClCompile>
    <ClCompile Include="mad_source\mad_include\core\lua\lua_source\lparser.c">
      <Filter>头文件\core\lua\source</Filter>
    </ClCompile>
    <ClCompile Include="mad_source\mad_include\core\lua\lua_source\lstate.c">
      <Filter>头文件\core\lua\source</Filter>
    </ClCompile>
    <ClCompile Include="mad_source\mad_include\core\lua\lua_source\lstring.c">
      <Filter>头文件\core\lua\source</Filter>
    </ClCompile>
    <ClCompile Include="mad_source\mad_include\core\lua\lua_source\lstrlib.c">
      <Filter>头文件\core\lua\source</Filter>
    </ClCompile>
    <ClCompile Include="mad_source\mad_include\core\lua\lua_source\ltable.c">
      <Filter>头文件\core\lua\source</Filter>
    </ClCompile>
    <ClCompile Include="mad_source\mad_include\core\lua\lua_source\ltablib.c">
      <Filter>头文件\core\lua\source</Filter>
    </ClCompile>
    <ClCompile Include="mad_source\mad_include\core\lua\lua_source\ltm.c">
      <Filter>头文件\core\lua\source</Filter>
    </ClCompile>
    <ClCompile Include="mad_source\mad_include\core\lua\lua_source\lundump.c">
      <Filter>头文件\core\lua\source</Filter>
    </ClCompile>
    <ClCompile Include="mad_source\mad_include\core\lua\lua_source\lutf8lib.c">
      <Filter>头文件\core\lua\source</Filter>
    </ClCompile>
    <ClCompile Include="mad_source\mad_include\core\lua\lua_source\lvm.c">
      <Filter>头文件\core\lua\source</Filter>
    </ClCompile>
    <ClCompile Include="mad_source\mad_include\core\lua\lua_source\lzio.c">
      <Filter>头文件\core\lua\source</Filter>
    </ClCompile>
  </ItemGroup>
  <ItemGroup>
    <ClInclude Include="mad_source\mad_include\mad.h">
      <Filter>头文件</Filter>
    </ClInclude>
    <ClInclude Include="mad_source\mad_include\base\mad_base.h">
      <Filter>头文件\base</Filter>
    </ClInclude>
    <ClInclude Include="mad_source\mad_include\core\mad_core.h">
      <Filter>头文件\core</Filter>
    </ClInclude>
    <ClInclude Include="mad_source\mad_include\core\protocol\mad_protocol_base.h">
      <Filter>头文件\core\protocol</Filter>
    </ClInclude>
    <ClInclude Include="mad_source\mad_include\engine\mad_engine.h">
      <Filter>头文件\engine</Filter>
    </ClInclude>
    <ClInclude Include="mad_source\template\empty\mad_template_empty.h">
      <Filter>头文件\templates\empty</Filter>
    </ClInclude>
    <ClInclude Include="mad_source\template\std_mp\mad_template_std_mp.h">
      <Filter>头文件\templates\std_mp</Filter>
    </ClInclude>
    <ClInclude Include="mad_source\template\std_pc\mad_template_std_pc.h">
      <Filter>头文件\templates\std_pc</Filter>
    </ClInclude>
    <ClInclude Include="mad_source\mad_include\engine\HDVDBPS\mad_engine_hdvdbps.h">
      <Filter>头文件\engine\HDVDBPS</Filter>
    </ClInclude>
    <ClInclude Include="mad_source\mad_include\engine\GGSCCS\mad_engine_ggsccs.h">
      <Filter>头文件\engine\GGSCCS</Filter>
    </ClInclude>
    <ClInclude Include="mad_source\mad_include\engine\TIGAS\mad_engine_tigas.h">
      <Filter>头文件\engine\TIGAS</Filter>
    </ClInclude>
    <ClInclude Include="mad_source\mad_include\core\lua\mad_lua.h">
      <Filter>头文件\core\lua</Filter>
    </ClInclude>
    <ClInclude Include="mad_source\mad_include\core\lua\lua_source\lapi.h">
      <Filter>头文件\core\lua\source</Filter>
    </ClInclude>
    <ClInclude Include="mad_source\mad_include\core\lua\lua_source\lauxlib.h">
      <Filter>头文件\core\lua\source</Filter>
    </ClInclude>
    <ClInclude Include="mad_source\mad_include\core\lua\lua_source\lcode.h">
      <Filter>头文件\core\lua\source</Filter>
    </ClInclude>
    <ClInclude Include="mad_source\mad_include\core\lua\lua_source\lctype.h">
      <Filter>头文件\core\lua\source</Filter>
    </ClInclude>
    <ClInclude Include="mad_source\mad_include\core\lua\lua_source\ldebug.h">
      <Filter>头文件\core\lua\source</Filter>
    </ClInclude>
    <ClInclude Include="mad_source\mad_include\core\lua\lua_source\ldo.h">
      <Filter>头文件\core\lua\source</Filter>
    </ClInclude>
    <ClInclude Include="mad_source\mad_include\core\lua\lua_source\lfunc.h">
      <Filter>头文件\core\lua\source</Filter>
    </ClInclude>
    <ClInclude Include="mad_source\mad_include\core\lua\lua_source\lgc.h">
      <Filter>头文件\core\lua\source</Filter>
    </ClInclude>
    <ClInclude Include="mad_source\mad_include\core\lua\lua_source\ljumptab.h">
      <Filter>头文件\core\lua\source</Filter>
    </ClInclude>
    <ClInclude Include="mad_source\mad_include\core\lua\lua_source\llex.h">
      <Filter>头文件\core\lua\source</Filter>
    </ClInclude>
    <ClInclude Include="mad_source\mad_include\core\lua\lua_source\llimits.h">
      <Filter>头文件\core\lua\source</Filter>
    </ClInclude>
    <ClInclude Include="mad_source\mad_include\core\lua\lua_source\lmem.h">
      <Filter>头文件\core\lua\source</Filter>
    </ClInclude>
    <ClInclude Include="mad_source\mad_include\core\lua\lua_source\lobject.h">
      <Filter>头文件\core\lua\source</Filter>
    </ClInclude>
    <ClInclude Include="mad_source\mad_include\core\lua\lua_source\lopcodes.h">
      <Filter>头文件\core\lua\source</Filter>
    </ClInclude>
    <ClInclude Include="mad_source\mad_include\core\lua\lua_source\lopnames.h">
      <Filter>头文件\core\lua\source</Filter>
    </ClInclude>
    <ClInclude Include="mad_source\mad_include\core\lua\lua_source\lparser.h">
      <Filter>头文件\core\lua\source</Filter>
    </ClInclude>
    <ClInclude Include="mad_source\mad_include\core\lua\lua_source\lprefix.h">
      <Filter>头文件\core\lua\source</Filter>
    </ClInclude>
    <ClInclude Include="mad_source\mad_include\core\lua\lua_source\lstate.h">
      <Filter>头文件\core\lua\source</Filter>
    </ClInclude>
    <ClInclude Include="mad_source\mad_include\core\lua\lua_source\lstring.h">
      <Filter>头文件\core\lua\source</Filter>
    </ClInclude>
    <ClInclude Include="mad_source\mad_include\core\lua\lua_source\ltable.h">
      <Filter>头文件\core\lua\source</Filter>
    </ClInclude>
    <ClInclude Include="mad_source\mad_include\core\lua\lua_source\ltm.h">
      <Filter>头文件\core\lua\source</Filter>
    </ClInclude>
    <ClInclude Include="mad_source\mad_include\core\lua\lua_source\lua.hpp">
      <Filter>头文件\core\lua\source</Filter>
    </ClInclude>
    <ClInclude Include="mad_source\mad_include\core\lua\lua_source\luaconf.h">
      <Filter>头文件\core\lua\source</Filter>
    </ClInclude>
    <ClInclude Include="mad_source\mad_include\core\lua\lua_source\lualib.h">
      <Filter>头文件\core\lua\source</Filter>
    </ClInclude>
    <ClInclude Include="mad_source\mad_include\core\lua\lua_source\lundump.h">
      <Filter>头文件\core\lua\source</Filter>
    </ClInclude>
    <ClInclude Include="mad_source\mad_include\core\lua\lua_source\lvm.h">
      <Filter>头文件\core\lua\source</Filter>
    </ClInclude>
    <ClInclude Include="mad_source\mad_include\core\lua\lua_source\lzio.h">
      <Filter>头文件\core\lua\source</Filter>
    </ClInclude>
    <ClInclude Include="mad_source\mad_include\core\lua\lua_source\lua.h">
      <Filter>头文件\core\lua\source</Filter>
    </ClInclude>
  </ItemGroup>
</Project>